
Microsoft Visual Studio Solution File, Format Version 12.00
# Visual Studio 14
VisualStudioVersion = 14.0.24720.0
MinimumVisualStudioVersion = 10.0.40219.1
Project("{FAE04EC0-301F-11D3-BF4B-00C04F79EFBC}") = "Formula", "Formula\Formula.csproj", "{D43D998C-9797-4CF4-9BB0-6DE22753849A}"
EndProject
Project("{FAE04EC0-301F-11D3-BF4B-00C04F79EFBC}") = "FormulaSimpleTests", "FormulaSimpleTests\FormulaSimpleTests.csproj", "{707DFAA0-3BB3-4896-AF50-0A4D6D580D06}"
EndProject
Project("{FAE04EC0-301F-11D3-BF4B-00C04F79EFBC}") = "DependencyGraph", "DependencyGraph\DependencyGraph.csproj", "{862EAD85-346F-4D2B-A53C-98074FF813BA}"
EndProject
Project("{FAE04EC0-301F-11D3-BF4B-00C04F79EFBC}") = "DependencyGraphTestCases", "DependencyGraphTestCases\DependencyGraphTestCases.csproj", "{D27E2A55-1E08-40F8-A09B-0A8EEA9A0C4F}"
EndProject
Project("{FAE04EC0-301F-11D3-BF4B-00C04F79EFBC}") = "ExtensionTestCases", "ExtensionTestCases\ExtensionTestCases.csproj", "{4D22AA24-7A0C-41DA-9480-9D73C95A4C3B}"
EndProject
Project("{FAE04EC0-301F-11D3-BF4B-00C04F79EFBC}") = "Spreadsheet", "Spreadsheet\Spreadsheet.csproj", "{9025A594-DF2A-4E6A-B8C2-F087ECC3E203}"
EndProject
Project("{FAE04EC0-301F-11D3-BF4B-00C04F79EFBC}") = "PS4GradingTests", "PS4GradingTests\PS4GradingTests.csproj", "{BAF269F6-6B3D-4319-AAD5-B163DE642AE2}"
EndProject
Project("{FAE04EC0-301F-11D3-BF4B-00C04F79EFBC}") = "SpreadsheetTestCases", "SpreadsheetTestCases\SpreadsheetTestCases.csproj", "{AEA2D7A3-85E6-4901-B8AB-F3247DCDC460}"
EndProject
Global
	GlobalSection(SolutionConfigurationPlatforms) = preSolution
		Debug|Any CPU = Debug|Any CPU
		Release|Any CPU = Release|Any CPU
	EndGlobalSection
	GlobalSection(ProjectConfigurationPlatforms) = postSolution
		{D43D998C-9797-4CF4-9BB0-6DE22753849A}.Debug|Any CPU.ActiveCfg = Debug|Any CPU
		{D43D998C-9797-4CF4-9BB0-6DE22753849A}.Debug|Any CPU.Build.0 = Debug|Any CPU
		{D43D998C-9797-4CF4-9BB0-6DE22753849A}.Release|Any CPU.ActiveCfg = Release|Any CPU
		{D43D998C-9797-4CF4-9BB0-6DE22753849A}.Release|Any CPU.Build.0 = Release|Any CPU
		{707DFAA0-3BB3-4896-AF50-0A4D6D580D06}.Debug|Any CPU.ActiveCfg = Debug|Any CPU
		{707DFAA0-3BB3-4896-AF50-0A4D6D580D06}.Debug|Any CPU.Build.0 = Debug|Any CPU
		{707DFAA0-3BB3-4896-AF50-0A4D6D580D06}.Release|Any CPU.ActiveCfg = Release|Any CPU
		{707DFAA0-3BB3-4896-AF50-0A4D6D580D06}.Release|Any CPU.Build.0 = Release|Any CPU
		{862EAD85-346F-4D2B-A53C-98074FF813BA}.Debug|Any CPU.ActiveCfg = Debug|Any CPU
		{862EAD85-346F-4D2B-A53C-98074FF813BA}.Debug|Any CPU.Build.0 = Debug|Any CPU
		{862EAD85-346F-4D2B-A53C-98074FF813BA}.Release|Any CPU.ActiveCfg = Release|Any CPU
		{862EAD85-346F-4D2B-A53C-98074FF813BA}.Release|Any CPU.Build.0 = Release|Any CPU
		{D27E2A55-1E08-40F8-A09B-0A8EEA9A0C4F}.Debug|Any CPU.ActiveCfg = Debug|Any CPU
		{D27E2A55-1E08-40F8-A09B-0A8EEA9A0C4F}.Debug|Any CPU.Build.0 = Debug|Any CPU
		{D27E2A55-1E08-40F8-A09B-0A8EEA9A0C4F}.Release|Any CPU.ActiveCfg = Release|Any CPU
		{D27E2A55-1E08-40F8-A09B-0A8EEA9A0C4F}.Release|Any CPU.Build.0 = Release|Any CPU
		{4D22AA24-7A0C-41DA-9480-9D73C95A4C3B}.Debug|Any CPU.ActiveCfg = Debug|Any CPU
		{4D22AA24-7A0C-41DA-9480-9D73C95A4C3B}.Debug|Any CPU.Build.0 = Debug|Any CPU
		{4D22AA24-7A0C-41DA-9480-9D73C95A4C3B}.Release|Any CPU.ActiveCfg = Release|Any CPU
		{4D22AA24-7A0C-41DA-9480-9D73C95A4C3B}.Release|Any CPU.Build.0 = Release|Any CPU
		{9025A594-DF2A-4E6A-B8C2-F087ECC3E203}.Debug|Any CPU.ActiveCfg = Debug|Any CPU
		{9025A594-DF2A-4E6A-B8C2-F087ECC3E203}.Debug|Any CPU.Build.0 = Debug|Any CPU
		{9025A594-DF2A-4E6A-B8C2-F087ECC3E203}.Release|Any CPU.ActiveCfg = Release|Any CPU
		{9025A594-DF2A-4E6A-B8C2-F087ECC3E203}.Release|Any CPU.Build.0 = Release|Any CPU
		{BAF269F6-6B3D-4319-AAD5-B163DE642AE2}.Debug|Any CPU.ActiveCfg = Debug|Any CPU
		{BAF269F6-6B3D-4319-AAD5-B163DE642AE2}.Debug|Any CPU.Build.0 = Debug|Any CPU
		{BAF269F6-6B3D-4319-AAD5-B163DE642AE2}.Release|Any CPU.ActiveCfg = Release|Any CPU
		{BAF269F6-6B3D-4319-AAD5-B163DE642AE2}.Release|Any CPU.Build.0 = Release|Any CPU
		{AEA2D7A3-85E6-4901-B8AB-F3247DCDC460}.Debug|Any CPU.ActiveCfg = Debug|Any CPU
		{AEA2D7A3-85E6-4901-B8AB-F3247DCDC460}.Debug|Any CPU.Build.0 = Debug|Any CPU
		{AEA2D7A3-85E6-4901-B8AB-F3247DCDC460}.Release|Any CPU.ActiveCfg = Release|Any CPU
		{AEA2D7A3-85E6-4901-B8AB-F3247DCDC460}.Release|Any CPU.Build.0 = Release|Any CPU
	EndGlobalSection
	GlobalSection(SolutionProperties) = preSolution
		HideSolutionNode = FALSE
	EndGlobalSection
EndGlobal
